
Microsoft Visual Studio Solution File, Format Version 12.00
# Visual Studio Version 16
VisualStudioVersion = 16.0.31321.278
MinimumVisualStudioVersion = 10.0.40219.1
Project("{FAE04EC0-301F-11D3-BF4B-00C04F79EFBC}") = "Prob1883", "Prob1883\Prob1883.csproj", "{7C5E8136-4556-4CF2-800D-D25F017F09A0}"
EndProject
Global
	GlobalSection(SolutionConfigurationPlatforms) = preSolution
		Debug|Any CPU = Debug|Any CPU
		Release|Any CPU = Release|Any CPU
	EndGlobalSection
	GlobalSection(ProjectConfigurationPlatforms) = postSolution
		{7C5E8136-4556-4CF2-800D-D25F017F09A0}.Debug|Any CPU.ActiveCfg = Debug|Any CPU
		{7C5E8136-4556-4CF2-800D-D25F017F09A0}.Debug|Any CPU.Build.0 = Debug|Any CPU
		{7C5E8136-4556-4CF2-800D-D25F017F09A0}.Release|Any CPU.ActiveCfg = Release|Any CPU
		{7C5E8136-4556-4CF2-800D-D25F017F09A0}.Release|Any CPU.Build.0 = Release|Any CPU
	EndGlobalSection
	GlobalSection(SolutionProperties) = preSolution
		HideSolutionNode = FALSE
	EndGlobalSection
	GlobalSection(ExtensibilityGlobals) = postSolution
		SolutionGuid = {976AFDBC-9AB2-4D78-9EEF-3E61D8FD1655}
	EndGlobalSection
EndGlobal
